github.com/Danile71/go-logger v0.1.1 h1:8Ge3aIqbF9m225bgEibTUp8GHFEBZs0zi41s4/hYXqA=
github.com/Danile71/go-logger v0.1.1/go.mod h1:nCZhBJNLRHmvdCl+W6w0uWnUbm/gpezqV1B34+Ecy1c=
github.com/gorilla/mux v1.8.0 h1:i40aqfkR1h2SlN9hojwV5ZA91wcXFOvkdNIeFDP5koI=
github.com/gorilla/mux v1.8.0/go.mod h1:DVbg23sWSpFRCP0SfiEN6jmj59UnW/n46BH5rLB71So=
github.com/mattn/go-mjpeg v0.0.1 h1:PunfTzQvXkULfur7ALrU8EeMWM4kknyJT7zI1DUoNIQ=
github.com/mattn/go-mjpeg v0.0.1/go.mod h1:m4++VtXCgYJxuZeEUF3WydpJk+0yKO50el52Ww5xBvo=
gocv.io/x/gocv v0.24.0/go.mod h1:Rar2PS6DV+T4FL+PM535EImD/h13hGVaHhnCu1xarBs=
